// !$*UTF8*$!
{
	archiveVersion = 1;
	classes = {
	};
	objectVersion = 56;
	objects = {

/* Begin PBXBuildFile section */
		521097DE2D799C5F00F9233C /* MoreViewController.swift in Sources */ = {isa = PBXBuildFile; fileRef = 521097DD2D799C5D00F9233C /* MoreViewController.swift */; };
		521097E02D79A43E00F9233C /* NewSoftTokenViewController.swift in Sources */ = {isa = PBXBuildFile; fileRef = 521097DF2D79A41700F9233C /* NewSoftTokenViewController.swift */; };
		521097E22D7B080D00F9233C /* CallUsViewController.swift in Sources */ = {isa = PBXBuildFile; fileRef = 521097E12D7B080B00F9233C /* CallUsViewController.swift */; };
		521097E62D7B131900F9233C /* RiyadBankViewController.swift in Sources */ = {isa = PBXBuildFile; fileRef = 521097E52D7B131700F9233C /* RiyadBankViewController.swift */; };
		5234C2EA2DC8D94B002380B3 /* TokenDeleteRecord.swift in Sources */ = {isa = PBXBuildFile; fileRef = 5234C2E92DC8D935002380B3 /* TokenDeleteRecord.swift */; };
		5237B96A2D7F043B002F2F61 /* RIYADTOKENUse.swift in Sources */ = {isa = PBXBuildFile; fileRef = 5237B9692D7F0430002F2F61 /* RIYADTOKENUse.swift */; };
		5237B96C2D7F070E002F2F61 /* RIYADTOKENUsepin.swift in Sources */ = {isa = PBXBuildFile; fileRef = 5237B96B2D7F0703002F2F61 /* RIYADTOKENUsepin.swift */; };
		5237B96E2D7F07C4002F2F61 /* RForgetPin.swift in Sources */ = {isa = PBXBuildFile; fileRef = 5237B96D2D7F07B5002F2F61 /* RForgetPin.swift */; };
		5237B9702D7F089B002F2F61 /* RChangePin.swift in Sources */ = {isa = PBXBuildFile; fileRef = 5237B96F2D7F0893002F2F61 /* RChangePin.swift */; };
		5237B9722D7F0990002F2F61 /* RiyadReintilaze.swift in Sources */ = {isa = PBXBuildFile; fileRef = 5237B9712D7F0980002F2F61 /* RiyadReintilaze.swift */; };
		5237B9742D8016B7002F2F61 /* helpusscreen.swift in Sources */ = {isa = PBXBuildFile; fileRef = 5237B9732D8016B0002F2F61 /* helpusscreen.swift */; };
		5237B9782D803F74002F2F61 /* forgetuserpassword.swift in Sources */ = {isa = PBXBuildFile; fileRef = 5237B9772D803F6C002F2F61 /* forgetuserpassword.swift */; };
		52678AF32D917C0E00F2B580 /* AuthenticationManager.swift in Sources */ = {isa = PBXBuildFile; fileRef = 52678AF22D917C0B00F2B580 /* AuthenticationManager.swift */; };
		52A8DBD22D709875002902D3 /* TokenListViewController.swift in Sources */ = {isa = PBXBuildFile; fileRef = 52A8DBD12D709873002902D3 /* TokenListViewController.swift */; };
		52CDB9D72EE058D50022E65D /* RBType-RB-Black.otf in Resources */ = {isa = PBXBuildFile; fileRef = 52CDB9D12EE058D50022E65D /* RBType-RB-Black.otf */; };
		52CDB9D82EE058D50022E65D /* RBType-RB-Medium.otf in Resources */ = {isa = PBXBuildFile; fileRef = 52CDB9D42EE058D50022E65D /* RBType-RB-Medium.otf */; };
		52CDB9D92EE058D50022E65D /* RBType-RB-Bold.otf in Resources */ = {isa = PBXBuildFile; fileRef = 52CDB9D22EE058D50022E65D /* RBType-RB-Bold.otf */; };
		52CDB9DA2EE058D50022E65D /* RBType-RB-Regular.otf in Resources */ = {isa = PBXBuildFile; fileRef = 52CDB9D52EE058D50022E65D /* RBType-RB-Regular.otf */; };
		52CDB9DB2EE058D50022E65D /* RBType-RB-Light.otf in Resources */ = {isa = PBXBuildFile; fileRef = 52CDB9D32EE058D50022E65D /* RBType-RB-Light.otf */; };
		52F90E732D687BC100807913 /* FourDigitViewController.swift in Sources */ = {isa = PBXBuildFile; fileRef = 52F90E722D687BBE00807913 /* FourDigitViewController.swift */; };
		52F90E752D687CA700807913 /* startViewController.swift in Sources */ = {isa = PBXBuildFile; fileRef = 52F90E742D687CA400807913 /* startViewController.swift */; };
		52F90E792D68A7F300807913 /* SettingsViewController.swift in Sources */ = {isa = PBXBuildFile; fileRef = 52F90E782D68A7ED00807913 /* SettingsViewController.swift */; };
		52F90E7B2D68A98900807913 /* UIViewController+Navigation.swift in Sources */ = {isa = PBXBuildFile; fileRef = 52F90E7A2D68A98200807913 /* UIViewController+Navigation.swift */; };
		52F90E7D2D68A9F600807913 /* UIViewController+BottomNav.swift in Sources */ = {isa = PBXBuildFile; fileRef = 52F90E7C2D68A9EE00807913 /* UIViewController+BottomNav.swift */; };
		52F90E822D68AE6900807913 /* MainTabBarController.swift in Sources */ = {isa = PBXBuildFile; fileRef = 52F90E812D68AE6600807913 /* MainTabBarController.swift */; };
		52F90E842D68B50E00807913 /* homescreen.swift in Sources */ = {isa = PBXBuildFile; fileRef = 52F90E832D68B50300807913 /* homescreen.swift */; };
		52F90E862EE1000000807913 /* SSLPinningManager.swift in Sources */ = {isa = PBXBuildFile; fileRef = 52F90E852EE1000000807913 /* SSLPinningManager.swift */; };
		E6B1C1B02B1DFBAE00FB3358 /* AppDelegate.swift in Sources */ = {isa = PBXBuildFile; fileRef = E6B1C1AF2B1DFBAE00FB3358 /* AppDelegate.swift */; };
		E6B1C1B22B1DFBAE00FB3358 /* SceneDelegate.swift in Sources */ = {isa = PBXBuildFile; fileRef = E6B1C1B12B1DFBAE00FB3358 /* SceneDelegate.swift */; };
		E6B1C1B42B1DFBAE00FB3358 /* StExampleViewController.swift in Sources */ = {isa = PBXBuildFile; fileRef = E6B1C1B32B1DFBAE00FB3358 /* StExampleViewController.swift */; };
		E6B1C1B72B1DFBAE00FB3358 /* Main.storyboard in Resources */ = {isa = PBXBuildFile; fileRef = E6B1C1B52B1DFBAE00FB3358 /* Main.storyboard */; };
		E6B1C1B92B1DFBB100FB3358 /* Assets.xcassets in Resources */ = {isa = PBXBuildFile; fileRef = E6B1C1B82B1DFBB100FB3358 /* Assets.xcassets */; };
		E6B1C1BC2B1DFBB100FB3358 /* LaunchScreen.storyboard in Resources */ = {isa = PBXBuildFile; fileRef = E6B1C1BA2B1DFBB100FB3358 /* LaunchScreen.storyboard */; };
		E6F2CD012B20A61400105029 /* EntrustIGMobile.xcframework in Frameworks */ = {isa = PBXBuildFile; fileRef = E6F2CD002B20A61400105029 /* EntrustIGMobile.xcframework */; };
		E6F2CD022B20A61400105029 /* EntrustIGMobile.xcframework in Embed Frameworks */ = {isa = PBXBuildFile; fileRef = E6F2CD002B20A61400105029 /* EntrustIGMobile.xcframework */; settings = {ATTRIBUTES = (CodeSignOnCopy, RemoveHeadersOnCopy, ); }; };
/* End PBXBuildFile section */

/* Begin PBXCopyFilesBuildPhase section */
		E6F2CCF62B20988D00105029 /* Embed Frameworks */ = {
			isa = PBXCopyFilesBuildPhase;
			buildActionMask = 2147483647;
			dstPath = "";
			dstSubfolderSpec = 10;
			files = (
				E6F2CD022B20A61400105029 /* EntrustIGMobile.xcframework in Embed Frameworks */,
			);
			name = "Embed Frameworks";
			runOnlyForDeploymentPostprocessing = 0;
		};
/* End PBXCopyFilesBuildPhase section */

/* Begin PBXFileReference section */
		521097DD2D799C5D00F9233C /* MoreViewController.swift */ = {isa = PBXFileReference; lastKnownFileType = sourcecode.swift; path = MoreViewController.swift; sourceTree = "<group>"; };
		521097DF2D79A41700F9233C /* NewSoftTokenViewController.swift */ = {isa = PBXFileReference; lastKnownFileType = sourcecode.swift; path = NewSoftTokenViewController.swift; sourceTree = "<group>"; };
		521097E12D7B080B00F9233C /* CallUsViewController.swift */ = {isa = PBXFileReference; lastKnownFileType = sourcecode.swift; path = CallUsViewController.swift; sourceTree = "<group>"; };
		521097E52D7B131700F9233C /* RiyadBankViewController.swift */ = {isa = PBXFileReference; lastKnownFileType = sourcecode.swift; path = RiyadBankViewController.swift; sourceTree = "<group>"; };
		5234C2E92DC8D935002380B3 /* TokenDeleteRecord.swift */ = {isa = PBXFileReference; lastKnownFileType = sourcecode.swift; path = TokenDeleteRecord.swift; sourceTree = "<group>"; };
		5237B9692D7F0430002F2F61 /* RIYADTOKENUse.swift */ = {isa = PBXFileReference; lastKnownFileType = sourcecode.swift; path = RIYADTOKENUse.swift; sourceTree = "<group>"; };
		5237B96B2D7F0703002F2F61 /* RIYADTOKENUsepin.swift */ = {isa = PBXFileReference; lastKnownFileType = sourcecode.swift; path = RIYADTOKENUsepin.swift; sourceTree = "<group>"; };
		5237B96D2D7F07B5002F2F61 /* RForgetPin.swift */ = {isa = PBXFileReference; lastKnownFileType = sourcecode.swift; path = RForgetPin.swift; sourceTree = "<group>"; };
		5237B96F2D7F0893002F2F61 /* RChangePin.swift */ = {isa = PBXFileReference; lastKnownFileType = sourcecode.swift; path = RChangePin.swift; sourceTree = "<group>"; };
		5237B9712D7F0980002F2F61 /* RiyadReintilaze.swift */ = {isa = PBXFileReference; lastKnownFileType = sourcecode.swift; path = RiyadReintilaze.swift; sourceTree = "<group>"; };
		5237B9732D8016B0002F2F61 /* helpusscreen.swift */ = {isa = PBXFileReference; lastKnownFileType = sourcecode.swift; path = helpusscreen.swift; sourceTree = "<group>"; };
		5237B9772D803F6C002F2F61 /* forgetuserpassword.swift */ = {isa = PBXFileReference; lastKnownFileType = sourcecode.swift; path = forgetuserpassword.swift; sourceTree = "<group>"; };
		52678AF22D917C0B00F2B580 /* AuthenticationManager.swift */ = {isa = PBXFileReference; lastKnownFileType = sourcecode.swift; path = AuthenticationManager.swift; sourceTree = "<group>"; };
		52A8DBD12D709873002902D3 /* TokenListViewController.swift */ = {isa = PBXFileReference; lastKnownFileType = sourcecode.swift; path = TokenListViewController.swift; sourceTree = "<group>"; };
		52CDB9D12EE058D50022E65D /* RBType-RB-Black.otf */ = {isa = PBXFileReference; lastKnownFileType = file; path = "RBType-RB-Black.otf"; sourceTree = "<group>"; };
		52CDB9D22EE058D50022E65D /* RBType-RB-Bold.otf */ = {isa = PBXFileReference; lastKnownFileType = file; path = "RBType-RB-Bold.otf"; sourceTree = "<group>"; };
		52CDB9D32EE058D50022E65D /* RBType-RB-Light.otf */ = {isa = PBXFileReference; lastKnownFileType = file; path = "RBType-RB-Light.otf"; sourceTree = "<group>"; };
		52CDB9D42EE058D50022E65D /* RBType-RB-Medium.otf */ = {isa = PBXFileReference; lastKnownFileType = file; path = "RBType-RB-Medium.otf"; sourceTree = "<group>"; };
		52CDB9D52EE058D50022E65D /* RBType-RB-Regular.otf */ = {isa = PBXFileReference; lastKnownFileType = file; path = "RBType-RB-Regular.otf"; sourceTree = "<group>"; };
		52F90E722D687BBE00807913 /* FourDigitViewController.swift */ = {isa = PBXFileReference; lastKnownFileType = sourcecode.swift; path = FourDigitViewController.swift; sourceTree = "<group>"; };
		52F90E742D687CA400807913 /* startViewController.swift */ = {isa = PBXFileReference; lastKnownFileType = sourcecode.swift; path = startViewController.swift; sourceTree = "<group>"; };
		52F90E782D68A7ED00807913 /* SettingsViewController.swift */ = {isa = PBXFileReference; lastKnownFileType = sourcecode.swift; path = SettingsViewController.swift; sourceTree = "<group>"; };
		52F90E7A2D68A98200807913 /* UIViewController+Navigation.swift */ = {isa = PBXFileReference; lastKnownFileType = sourcecode.swift; path = "UIViewController+Navigation.swift"; sourceTree = "<group>"; };
		52F90E7C2D68A9EE00807913 /* UIViewController+BottomNav.swift */ = {isa = PBXFileReference; lastKnownFileType = sourcecode.swift; path = "UIViewController+BottomNav.swift"; sourceTree = "<group>"; };
		52F90E812D68AE6600807913 /* MainTabBarController.swift */ = {isa = PBXFileReference; lastKnownFileType = sourcecode.swift; path = MainTabBarController.swift; sourceTree = "<group>"; };
		52F90E832D68B50300807913 /* homescreen.swift */ = {isa = PBXFileReference; lastKnownFileType = sourcecode.swift; path = homescreen.swift; sourceTree = "<group>"; };
		52F90E852EE1000000807913 /* SSLPinningManager.swift */ = {isa = PBXFileReference; lastKnownFileType = sourcecode.swift; path = SSLPinningManager.swift; sourceTree = "<group>"; };
		E6B1C1AC2B1DFBAE00FB3358 /* Riyadbank SG.app */ = {isa = PBXFileReference; explicitFileType = wrapper.application; includeInIndex = 0; path = "Riyadbank SG.app"; sourceTree = BUILT_PRODUCTS_DIR; };
		E6B1C1AF2B1DFBAE00FB3358 /* AppDelegate.swift */ = {isa = PBXFileReference; lastKnownFileType = sourcecode.swift; path = AppDelegate.swift; sourceTree = "<group>"; };
		E6B1C1B12B1DFBAE00FB3358 /* SceneDelegate.swift */ = {isa = PBXFileReference; lastKnownFileType = sourcecode.swift; path = SceneDelegate.swift; sourceTree = "<group>"; };
		E6B1C1B32B1DFBAE00FB3358 /* StExampleViewController.swift */ = {isa = PBXFileReference; lastKnownFileType = sourcecode.swift; path = StExampleViewController.swift; sourceTree = "<group>"; };
		E6B1C1B62B1DFBAE00FB3358 /* Base */ = {isa = PBXFileReference; lastKnownFileType = file.storyboard; name = Base; path = Base.lproj/Main.storyboard; sourceTree = "<group>"; };
		E6B1C1B82B1DFBB100FB3358 /* Assets.xcassets */ = {isa = PBXFileReference; lastKnownFileType = folder.assetcatalog; path = Assets.xcassets; sourceTree = "<group>"; };
		E6B1C1BB2B1DFBB100FB3358 /* Base */ = {isa = PBXFileReference; lastKnownFileType = file.storyboard; name = Base; path = Base.lproj/LaunchScreen.storyboard; sourceTree = "<group>"; };
		E6B1C1BD2B1DFBB100FB3358 /* Info.plist */ = {isa = PBXFileReference; lastKnownFileType = text.plist.xml; path = Info.plist; sourceTree = "<group>"; };
		E6F2CD002B20A61400105029 /* EntrustIGMobile.xcframework */ = {isa = PBXFileReference; lastKnownFileType = wrapper.xcframework; name = EntrustIGMobile.xcframework; path = ../../lib_XCFramework/Debug/EntrustIGMobile.xcframework; sourceTree = "<group>"; };
/* End PBXFileReference section */

/* Begin PBXFrameworksBuildPhase section */
		E6B1C1A92B1DFBAE00FB3358 /* Frameworks */ = {
			isa = PBXFrameworksBuildPhase;
			buildActionMask = 2147483647;
			files = (
				E6F2CD012B20A61400105029 /* EntrustIGMobile.xcframework in Frameworks */,
			);
			runOnlyForDeploymentPostprocessing = 0;
		};
/* End PBXFrameworksBuildPhase section */

/* Begin PBXGroup section */
		52CDB9D62EE058D50022E65D /* Fonts */ = {
			isa = PBXGroup;
			children = (
				52CDB9D12EE058D50022E65D /* RBType-RB-Black.otf */,
				52CDB9D22EE058D50022E65D /* RBType-RB-Bold.otf */,
				52CDB9D32EE058D50022E65D /* RBType-RB-Light.otf */,
				52CDB9D42EE058D50022E65D /* RBType-RB-Medium.otf */,
				52CDB9D52EE058D50022E65D /* RBType-RB-Regular.otf */,
			);
			path = Fonts;
			sourceTree = "<group>";
		};
		E6B1C1A32B1DFBAE00FB3358 = {
			isa = PBXGroup;
			children = (
				E6B1C1AE2B1DFBAE00FB3358 /* StExample */,
				E6B1C1AD2B1DFBAE00FB3358 /* Products */,
				E6B1C1C32B1E034500FB3358 /* Frameworks */,
			);
			sourceTree = "<group>";
		};
		E6B1C1AD2B1DFBAE00FB3358 /* Products */ = {
			isa = PBXGroup;
			children = (
				E6B1C1AC2B1DFBAE00FB3358 /* Riyadbank SG.app */,
			);
			name = Products;
			sourceTree = "<group>";
		};
		E6B1C1AE2B1DFBAE00FB3358 /* StExample */ = {
			isa = PBXGroup;
			children = (
				5234C2E92DC8D935002380B3 /* TokenDeleteRecord.swift */,
				52F90E852EE1000000807913 /* SSLPinningManager.swift */,
				52678AF22D917C0B00F2B580 /* AuthenticationManager.swift */,
				5237B9772D803F6C002F2F61 /* forgetuserpassword.swift */,
				5237B9732D8016B0002F2F61 /* helpusscreen.swift */,
				5237B9712D7F0980002F2F61 /* RiyadReintilaze.swift */,
				5237B96F2D7F0893002F2F61 /* RChangePin.swift */,
				5237B96D2D7F07B5002F2F61 /* RForgetPin.swift */,
				5237B96B2D7F0703002F2F61 /* RIYADTOKENUsepin.swift */,
				5237B9692D7F0430002F2F61 /* RIYADTOKENUse.swift */,
				521097E52D7B131700F9233C /* RiyadBankViewController.swift */,
				521097E12D7B080B00F9233C /* CallUsViewController.swift */,
				521097DF2D79A41700F9233C /* NewSoftTokenViewController.swift */,
				521097DD2D799C5D00F9233C /* MoreViewController.swift */,
				52A8DBD12D709873002902D3 /* TokenListViewController.swift */,
				52F90E832D68B50300807913 /* homescreen.swift */,
				52F90E812D68AE6600807913 /* MainTabBarController.swift */,
				52F90E7C2D68A9EE00807913 /* UIViewController+BottomNav.swift */,
				52F90E7A2D68A98200807913 /* UIViewController+Navigation.swift */,
				52F90E782D68A7ED00807913 /* SettingsViewController.swift */,
				52F90E742D687CA400807913 /* startViewController.swift */,
				52F90E722D687BBE00807913 /* FourDigitViewController.swift */,
				E6B1C1AF2B1DFBAE00FB3358 /* AppDelegate.swift */,
				E6B1C1B12B1DFBAE00FB3358 /* SceneDelegate.swift */,
				E6B1C1B32B1DFBAE00FB3358 /* StExampleViewController.swift */,
				E6B1C1B52B1DFBAE00FB3358 /* Main.storyboard */,
				E6B1C1B82B1DFBB100FB3358 /* Assets.xcassets */,
				E6B1C1BA2B1DFBB100FB3358 /* LaunchScreen.storyboard */,
				E6B1C1BD2B1DFBB100FB3358 /* Info.plist */,
				52CDB9D62EE058D50022E65D /* Fonts */,
			);
			path = StExample;
			sourceTree = "<group>";
		};
		E6B1C1C32B1E034500FB3358 /* Frameworks */ = {
			isa = PBXGroup;
			children = (
				E6F2CD002B20A61400105029 /* EntrustIGMobile.xcframework */,
			);
			name = Frameworks;
			sourceTree = "<group>";
		};
/* End PBXGroup section */

/* Begin PBXNativeTarget section */
		E6B1C1AB2B1DFBAE00FB3358 /* Riyadbank SG */ = {
			isa = PBXNativeTarget;
			buildConfigurationList = E6B1C1C02B1DFBB100FB3358 /* Build configuration list for PBXNativeTarget "Riyadbank SG" */;
			buildPhases = (
				E6B1C1A82B1DFBAE00FB3358 /* Sources */,
				E6B1C1A92B1DFBAE00FB3358 /* Frameworks */,
				E6B1C1AA2B1DFBAE00FB3358 /* Resources */,
				E6F2CCF62B20988D00105029 /* Embed Frameworks */,
			);
			buildRules = (
			);
			dependencies = (
			);
			name = "Riyadbank SG";
			productName = StExample;
			productReference = E6B1C1AC2B1DFBAE00FB3358 /* Riyadbank SG.app */;
			productType = "com.apple.product-type.application";
		};
/* End PBXNativeTarget section */

/* Begin PBXProject section */
		E6B1C1A42B1DFBAE00FB3358 /* Project object */ = {
			isa = PBXProject;
			attributes = {
				BuildIndependentTargetsInParallel = 1;
				LastSwiftUpdateCheck = 1500;
				LastUpgradeCheck = 1500;
				TargetAttributes = {
					E6B1C1AB2B1DFBAE00FB3358 = {
						CreatedOnToolsVersion = 15.0.1;
					};
				};
			};
			buildConfigurationList = E6B1C1A72B1DFBAE00FB3358 /* Build configuration list for PBXProject "Riyadbank SG" */;
			compatibilityVersion = "Xcode 14.0";
			developmentRegion = en;
			hasScannedForEncodings = 0;
			knownRegions = (
				en,
				Base,
			);
			mainGroup = E6B1C1A32B1DFBAE00FB3358;
			productRefGroup = E6B1C1AD2B1DFBAE00FB3358 /* Products */;
			projectDirPath = "";
			projectRoot = "";
			targets = (
				E6B1C1AB2B1DFBAE00FB3358 /* Riyadbank SG */,
			);
		};
/* End PBXProject section */

/* Begin PBXResourcesBuildPhase section */
		E6B1C1AA2B1DFBAE00FB3358 /* Resources */ = {
			isa = PBXResourcesBuildPhase;
			buildActionMask = 2147483647;
			files = (
				52CDB9D72EE058D50022E65D /* RBType-RB-Black.otf in Resources */,
				52CDB9D82EE058D50022E65D /* RBType-RB-Medium.otf in Resources */,
				52CDB9D92EE058D50022E65D /* RBType-RB-Bold.otf in Resources */,
				52CDB9DA2EE058D50022E65D /* RBType-RB-Regular.otf in Resources */,
				52CDB9DB2EE058D50022E65D /* RBType-RB-Light.otf in Resources */,
				E6B1C1BC2B1DFBB100FB3358 /* LaunchScreen.storyboard in Resources */,
				E6B1C1B92B1DFBB100FB3358 /* Assets.xcassets in Resources */,
				E6B1C1B72B1DFBAE00FB3358 /* Main.storyboard in Resources */,
			);
			runOnlyForDeploymentPostprocessing = 0;
		};
/* End PBXResourcesBuildPhase section */

/* Begin PBXSourcesBuildPhase section */
		E6B1C1A82B1DFBAE00FB3358 /* Sources */ = {
			isa = PBXSourcesBuildPhase;
			buildActionMask = 2147483647;
			files = (
				5237B9722D7F0990002F2F61 /* RiyadReintilaze.swift in Sources */,
				52F90E732D687BC100807913 /* FourDigitViewController.swift in Sources */,
				521097E62D7B131900F9233C /* RiyadBankViewController.swift in Sources */,
				5237B96E2D7F07C4002F2F61 /* RForgetPin.swift in Sources */,
				52F90E7B2D68A98900807913 /* UIViewController+Navigation.swift in Sources */,
				52F90E842D68B50E00807913 /* homescreen.swift in Sources */,
				52F90E862EE1000000807913 /* SSLPinningManager.swift in Sources */,
				52F90E822D68AE6900807913 /* MainTabBarController.swift in Sources */,
				52F90E7D2D68A9F600807913 /* UIViewController+BottomNav.swift in Sources */,
				52F90E752D687CA700807913 /* startViewController.swift in Sources */,
				5237B9782D803F74002F2F61 /* forgetuserpassword.swift in Sources */,
				521097DE2D799C5F00F9233C /* MoreViewController.swift in Sources */,
				52678AF32D917C0E00F2B580 /* AuthenticationManager.swift in Sources */,
				5234C2EA2DC8D94B002380B3 /* TokenDeleteRecord.swift in Sources */,
				521097E22D7B080D00F9233C /* CallUsViewController.swift in Sources */,
				5237B9742D8016B7002F2F61 /* helpusscreen.swift in Sources */,
				5237B96C2D7F070E002F2F61 /* RIYADTOKENUsepin.swift in Sources */,
				E6B1C1B42B1DFBAE00FB3358 /* StExampleViewController.swift in Sources */,
				52A8DBD22D709875002902D3 /* TokenListViewController.swift in Sources */,
				E6B1C1B02B1DFBAE00FB3358 /* AppDelegate.swift in Sources */,
				521097E02D79A43E00F9233C /* NewSoftTokenViewController.swift in Sources */,
				5237B9702D7F089B002F2F61 /* RChangePin.swift in Sources */,
				5237B96A2D7F043B002F2F61 /* RIYADTOKENUse.swift in Sources */,
				E6B1C1B22B1DFBAE00FB3358 /* SceneDelegate.swift in Sources */,
				52F90E792D68A7F300807913 /* SettingsViewController.swift in Sources */,
			);
			runOnlyForDeploymentPostprocessing = 0;
		};
/* End PBXSourcesBuildPhase section */

/* Begin PBXVariantGroup section */
		E6B1C1B52B1DFBAE00FB3358 /* Main.storyboard */ = {
			isa = PBXVariantGroup;
			children = (
				E6B1C1B62B1DFBAE00FB3358 /* Base */,
			);
			name = Main.storyboard;
			sourceTree = "<group>";
		};
		E6B1C1BA2B1DFBB100FB3358 /* LaunchScreen.storyboard */ = {
			isa = PBXVariantGroup;
			children = (
				E6B1C1BB2B1DFBB100FB3358 /* Base */,
			);
			name = LaunchScreen.storyboard;
			sourceTree = "<group>";
		};
/* End PBXVariantGroup section */

/* Begin XCBuildConfiguration section */
		E6B1C1BE2B1DFBB100FB3358 /* Debug */ = {
			isa = XCBuildConfiguration;
			buildSettings = {
				ALWAYS_SEARCH_USER_PATHS = NO;
				ASSETCATALOG_COMPILER_GENERATE_SWIFT_ASSET_SYMBOL_EXTENSIONS = YES;
				CLANG_ANALYZER_NONNULL = YES;
				CLANG_ANALYZER_NUMBER_OBJECT_CONVERSION = YES_AGGRESSIVE;
				CLANG_CXX_LANGUAGE_STANDARD = "gnu++20";
				CLANG_ENABLE_MODULES = YES;
				CLANG_ENABLE_OBJC_ARC = YES;
				CLANG_ENABLE_OBJC_WEAK = YES;
				CLANG_WARN_BLOCK_CAPTURE_AUTORELEASING = YES;
				CLANG_WARN_BOOL_CONVERSION = YES;
				CLANG_WARN_COMMA = YES;
				CLANG_WARN_CONSTANT_CONVERSION = YES;
				CLANG_WARN_DEPRECATED_OBJC_IMPLEMENTATIONS = YES;
				CLANG_WARN_DIRECT_OBJC_ISA_USAGE = YES_ERROR;
				CLANG_WARN_DOCUMENTATION_COMMENTS = YES;
				CLANG_WARN_EMPTY_BODY = YES;
				CLANG_WARN_ENUM_CONVERSION = YES;
				CLANG_WARN_INFINITE_RECURSION = YES;
				CLANG_WARN_INT_CONVERSION = YES;
				CLANG_WARN_NON_LITERAL_NULL_CONVERSION = YES;
				CLANG_WARN_OBJC_IMPLICIT_RETAIN_SELF = YES;
				CLANG_WARN_OBJC_LITERAL_CONVERSION = YES;
				CLANG_WARN_OBJC_ROOT_CLASS = YES_ERROR;
				CLANG_WARN_QUOTED_INCLUDE_IN_FRAMEWORK_HEADER = YES;
				CLANG_WARN_RANGE_LOOP_ANALYSIS = YES;
				CLANG_WARN_STRICT_PROTOTYPES = YES;
				CLANG_WARN_SUSPICIOUS_MOVE = YES;
				CLANG_WARN_UNGUARDED_AVAILABILITY = YES_AGGRESSIVE;
				CLANG_WARN_UNREACHABLE_CODE = YES;
				CLANG_WARN__DUPLICATE_METHOD_MATCH = YES;
				COPY_PHASE_STRIP = NO;
				DEBUG_INFORMATION_FORMAT = dwarf;
				ENABLE_STRICT_OBJC_MSGSEND = YES;
				ENABLE_TESTABILITY = YES;
				ENABLE_USER_SCRIPT_SANDBOXING = YES;
				GCC_C_LANGUAGE_STANDARD = gnu17;
				GCC_DYNAMIC_NO_PIC = NO;
				GCC_NO_COMMON_BLOCKS = YES;
				GCC_OPTIMIZATION_LEVEL = 0;
				GCC_PREPROCESSOR_DEFINITIONS = (
					"DEBUG=1",
					"$(inherited)",
				);
				GCC_WARN_64_TO_32_BIT_CONVERSION = YES;
				GCC_WARN_ABOUT_RETURN_TYPE = YES_ERROR;
				GCC_WARN_UNDECLARED_SELECTOR = YES;
				GCC_WARN_UNINITIALIZED_AUTOS = YES_AGGRESSIVE;
				GCC_WARN_UNUSED_FUNCTION = YES;
				GCC_WARN_UNUSED_VARIABLE = YES;
				IPHONEOS_DEPLOYMENT_TARGET = 17.0;
				LOCALIZATION_PREFERS_STRING_CATALOGS = YES;
				MTL_ENABLE_DEBUG_INFO = INCLUDE_SOURCE;
				MTL_FAST_MATH = YES;
				ONLY_ACTIVE_ARCH = YES;
				SDKROOT = iphoneos;
				SWIFT_ACTIVE_COMPILATION_CONDITIONS = "DEBUG $(inherited)";
				SWIFT_OPTIMIZATION_LEVEL = "-Onone";
			};
			name = Debug;
		};
		E6B1C1BF2B1DFBB100FB3358 /* Release */ = {
			isa = XCBuildConfiguration;
			buildSettings = {
				ALWAYS_SEARCH_USER_PATHS = NO;
				ASSETCATALOG_COMPILER_GENERATE_SWIFT_ASSET_SYMBOL_EXTENSIONS = YES;
				CLANG_ANALYZER_NONNULL = YES;
				CLANG_ANALYZER_NUMBER_OBJECT_CONVERSION = YES_AGGRESSIVE;
				CLANG_CXX_LANGUAGE_STANDARD = "gnu++20";
				CLANG_ENABLE_MODULES = YES;
				CLANG_ENABLE_OBJC_ARC = YES;
				CLANG_ENABLE_OBJC_WEAK = YES;
				CLANG_WARN_BLOCK_CAPTURE_AUTORELEASING = YES;
				CLANG_WARN_BOOL_CONVERSION = YES;
				CLANG_WARN_COMMA = YES;
				CLANG_WARN_CONSTANT_CONVERSION = YES;
				CLANG_WARN_DEPRECATED_OBJC_IMPLEMENTATIONS = YES;
				CLANG_WARN_DIRECT_OBJC_ISA_USAGE = YES_ERROR;
				CLANG_WARN_DOCUMENTATION_COMMENTS = YES;
				CLANG_WARN_EMPTY_BODY = YES;
				CLANG_WARN_ENUM_CONVERSION = YES;
				CLANG_WARN_INFINITE_RECURSION = YES;
				CLANG_WARN_INT_CONVERSION = YES;
				CLANG_WARN_NON_LITERAL_NULL_CONVERSION = YES;
				CLANG_WARN_OBJC_IMPLICIT_RETAIN_SELF = YES;
				CLANG_WARN_OBJC_LITERAL_CONVERSION = YES;
				CLANG_WARN_OBJC_ROOT_CLASS = YES_ERROR;
				CLANG_WARN_QUOTED_INCLUDE_IN_FRAMEWORK_HEADER = YES;
				CLANG_WARN_RANGE_LOOP_ANALYSIS = YES;
				CLANG_WARN_STRICT_PROTOTYPES = YES;
				CLANG_WARN_SUSPICIOUS_MOVE = YES;
				CLANG_WARN_UNGUARDED_AVAILABILITY = YES_AGGRESSIVE;
				CLANG_WARN_UNREACHABLE_CODE = YES;
				CLANG_WARN__DUPLICATE_METHOD_MATCH = YES;
				COPY_PHASE_STRIP = NO;
				DEBUG_INFORMATION_FORMAT = "dwarf-with-dsym";
				ENABLE_NS_ASSERTIONS = NO;
				ENABLE_STRICT_OBJC_MSGSEND = YES;
				ENABLE_USER_SCRIPT_SANDBOXING = YES;
				GCC_C_LANGUAGE_STANDARD = gnu17;
				GCC_NO_COMMON_BLOCKS = YES;
				GCC_WARN_64_TO_32_BIT_CONVERSION = YES;
				GCC_WARN_ABOUT_RETURN_TYPE = YES_ERROR;
				GCC_WARN_UNDECLARED_SELECTOR = YES;
				GCC_WARN_UNINITIALIZED_AUTOS = YES_AGGRESSIVE;
				GCC_WARN_UNUSED_FUNCTION = YES;
				GCC_WARN_UNUSED_VARIABLE = YES;
				IPHONEOS_DEPLOYMENT_TARGET = 17.0;
				LOCALIZATION_PREFERS_STRING_CATALOGS = YES;
				MTL_ENABLE_DEBUG_INFO = NO;
				MTL_FAST_MATH = YES;
				SDKROOT = iphoneos;
				SWIFT_COMPILATION_MODE = wholemodule;
				VALIDATE_PRODUCT = YES;
			};
			name = Release;
		};
		E6B1C1C12B1DFBB100FB3358 /* Debug */ = {
			isa = XCBuildConfiguration;
			buildSettings = {
				ASSETCATALOG_COMPILER_APPICON_NAME = AppIcon;
				ASSETCATALOG_COMPILER_GLOBAL_ACCENT_COLOR_NAME = AccentColor;
				ASSETCATALOG_COMPILER_INCLUDE_ALL_APPICON_ASSETS = YES;
				CODE_SIGN_STYLE = Automatic;
				CURRENT_PROJECT_VERSION = 1;
				DEVELOPMENT_TEAM = 5FY9Q2Z3LN;
				FRAMEWORK_SEARCH_PATHS = "\"$(SRCROOT)/../../lib_XCFramework/$(CONFIGURATION)/EntrustIGMobile.xcframework\"";
				GENERATE_INFOPLIST_FILE = YES;
				INFOPLIST_FILE = StExample/Info.plist;
				INFOPLIST_KEY_NSCameraUsageDescription = "We need access to your camera to scan QR codes.";
				INFOPLIST_KEY_NSFaceIDUsageDescription = "We use Face ID to securely authenticate your identity";
				INFOPLIST_KEY_UIApplicationSupportsIndirectInputEvents = YES;
				INFOPLIST_KEY_UILaunchStoryboardName = LaunchScreen;
				INFOPLIST_KEY_UIMainStoryboardFile = Main;
				INFOPLIST_KEY_UISupportedInterfaceOrientations_iPad = "UIInterfaceOrientationPortrait UIInterfaceOrientationPortraitUpsideDown UIInterfaceOrientationLandscapeLeft UIInterfaceOrientationLandscapeRight";
				INFOPLIST_KEY_UISupportedInterfaceOrientations_iPhone = "UIInterfaceOrientationPortrait UIInterfaceOrientationLandscapeLeft UIInterfaceOrientationLandscapeRight";
				IPHONEOS_DEPLOYMENT_TARGET = 12.0;
				LD_RUNPATH_SEARCH_PATHS = (
					"$(inherited)",
					"@executable_path/Frameworks",
				);
				MARKETING_VERSION = 2.0;
				PRODUCT_BUNDLE_IDENTIFIER = com.riyadbank.emp.authenticator.uat;
				PRODUCT_NAME = "$(TARGET_NAME)";
				SWIFT_EMIT_LOC_STRINGS = YES;
				SWIFT_VERSION = 5.0;
				TARGETED_DEVICE_FAMILY = "1,2";
			};
			name = Debug;
		};
		E6B1C1C22B1DFBB100FB3358 /* Release */ = {
			isa = XCBuildConfiguration;
			buildSettings = {
				ASSETCATALOG_COMPILER_APPICON_NAME = AppIcon;
				ASSETCATALOG_COMPILER_GLOBAL_ACCENT_COLOR_NAME = AccentColor;
				ASSETCATALOG_COMPILER_INCLUDE_ALL_APPICON_ASSETS = YES;
				CODE_SIGN_STYLE = Automatic;
				CURRENT_PROJECT_VERSION = 1;
				DEVELOPMENT_TEAM = 5FY9Q2Z3LN;
				FRAMEWORK_SEARCH_PATHS = "\"$(SRCROOT)/../../lib_XCFramework/$(CONFIGURATION)/EntrustIGMobile.xcframework\"";
				GENERATE_INFOPLIST_FILE = YES;
				INFOPLIST_FILE = StExample/Info.plist;
				INFOPLIST_KEY_NSCameraUsageDescription = "We need access to your camera to scan QR codes.";
				INFOPLIST_KEY_NSFaceIDUsageDescription = "We use Face ID to securely authenticate your identity";
				INFOPLIST_KEY_UIApplicationSupportsIndirectInputEvents = YES;
				INFOPLIST_KEY_UILaunchStoryboardName = LaunchScreen;
				INFOPLIST_KEY_UIMainStoryboardFile = Main;
				INFOPLIST_KEY_UISupportedInterfaceOrientations_iPad = "UIInterfaceOrientationPortrait UIInterfaceOrientationPortraitUpsideDown UIInterfaceOrientationLandscapeLeft UIInterfaceOrientationLandscapeRight";
				INFOPLIST_KEY_UISupportedInterfaceOrientations_iPhone = "UIInterfaceOrientationPortrait UIInterfaceOrientationLandscapeLeft UIInterfaceOrientationLandscapeRight";
				IPHONEOS_DEPLOYMENT_TARGET = 12.0;
				LD_RUNPATH_SEARCH_PATHS = (
					"$(inherited)",
					"@executable_path/Frameworks",
				);
				MARKETING_VERSION = 2.0;
				PRODUCT_BUNDLE_IDENTIFIER = com.riyadbank.emp.authenticator.uat;
				PRODUCT_NAME = "$(TARGET_NAME)";
				SWIFT_EMIT_LOC_STRINGS = YES;
				SWIFT_VERSION = 5.0;
				TARGETED_DEVICE_FAMILY = "1,2";
			};
			name = Release;
		};
/* End XCBuildConfiguration section */

/* Begin XCConfigurationList section */
		E6B1C1A72B1DFBAE00FB3358 /* Build configuration list for PBXProject "Riyadbank SG" */ = {
			isa = XCConfigurationList;
			buildConfigurations = (
				E6B1C1BE2B1DFBB100FB3358 /* Debug */,
				E6B1C1BF2B1DFBB100FB3358 /* Release */,
			);
			defaultConfigurationIsVisible = 0;
			defaultConfigurationName = Release;
		};
		E6B1C1C02B1DFBB100FB3358 /* Build configuration list for PBXNativeTarget "Riyadbank SG" */ = {
			isa = XCConfigurationList;
			buildConfigurations = (
				E6B1C1C12B1DFBB100FB3358 /* Debug */,
				E6B1C1C22B1DFBB100FB3358 /* Release */,
			);
			defaultConfigurationIsVisible = 0;
			defaultConfigurationName = Release;
		};
/* End XCConfigurationList section */
	};
	rootObject = E6B1C1A42B1DFBAE00FB3358 /* Project object */;
}
